
Microsoft Visual Studio Solution File, Format Version 12.00
# Visual Studio Version 16
VisualStudioVersion = 16.0.31729.503
MinimumVisualStudioVersion = 10.0.40219.1
Project("{FAE04EC0-301F-11D3-BF4B-00C04F79EFBC}") = "ApprocheEF", "ApprocheEF\ApprocheEF.csproj", "{A444DB39-1D3D-42EE-A673-044ABDEFEC08}"
EndProject
Project("{FAE04EC0-301F-11D3-BF4B-00C04F79EFBC}") = "DAL", "DAL\DAL.csproj", "{F8F92A6B-EFB0-437E-8D48-1A1B4676EEFD}"
EndProject
Global
	GlobalSection(SolutionConfigurationPlatforms) = preSolution
		Debug|Any CPU = Debug|Any CPU
		Release|Any CPU = Release|Any CPU
	EndGlobalSection
	GlobalSection(ProjectConfigurationPlatforms) = postSolution
		{A444DB39-1D3D-42EE-A673-044ABDEFEC08}.Debug|Any CPU.ActiveCfg = Debug|Any CPU
		{A444DB39-1D3D-42EE-A673-044ABDEFEC08}.Debug|Any CPU.Build.0 = Debug|Any CPU
		{A444DB39-1D3D-42EE-A673-044ABDEFEC08}.Release|Any CPU.ActiveCfg = Release|Any CPU
		{A444DB39-1D3D-42EE-A673-044ABDEFEC08}.Release|Any CPU.Build.0 = Release|Any CPU
		{F8F92A6B-EFB0-437E-8D48-1A1B4676EEFD}.Debug|Any CPU.ActiveCfg = Debug|Any CPU
		{F8F92A6B-EFB0-437E-8D48-1A1B4676EEFD}.Debug|Any CPU.Build.0 = Debug|Any CPU
		{F8F92A6B-EFB0-437E-8D48-1A1B4676EEFD}.Release|Any CPU.ActiveCfg = Release|Any CPU
		{F8F92A6B-EFB0-437E-8D48-1A1B4676EEFD}.Release|Any CPU.Build.0 = Release|Any CPU
	EndGlobalSection
	GlobalSection(SolutionProperties) = preSolution
		HideSolutionNode = FALSE
	EndGlobalSection
	GlobalSection(ExtensibilityGlobals) = postSolution
		SolutionGuid = {776BA2A2-F61D-406B-BDCD-B64D10F3EEA4}
	EndGlobalSection
EndGlobal
